
Microsoft Visual Studio Solution File, Format Version 12.00
# Visual Studio Version 16
VisualStudioVersion = 16.0.32929.386
MinimumVisualStudioVersion = 10.0.40219.1
Project("{FAE04EC0-301F-11D3-BF4B-00C04F79EFBC}") = "MovieTickets", "MovieTickets.csproj", "{ED4C0486-9191-4E3F-897B-9F20F6800FFE}"
EndProject
Global
	GlobalSection(SolutionConfigurationPlatforms) = preSolution
		Debug|Any CPU = Debug|Any CPU
		Release|Any CPU = Release|Any CPU
	EndGlobalSection
	GlobalSection(ProjectConfigurationPlatforms) = postSolution
		{ED4C0486-9191-4E3F-897B-9F20F6800FFE}.Debug|Any CPU.ActiveCfg = Debug|Any CPU
		{ED4C0486-9191-4E3F-897B-9F20F6800FFE}.Debug|Any CPU.Build.0 = Debug|Any CPU
		{ED4C0486-9191-4E3F-897B-9F20F6800FFE}.Release|Any CPU.ActiveCfg = Release|Any CPU
		{ED4C0486-9191-4E3F-897B-9F20F6800FFE}.Release|Any CPU.Build.0 = Release|Any CPU
	EndGlobalSection
	GlobalSection(SolutionProperties) = preSolution
		HideSolutionNode = FALSE
	EndGlobalSection
	GlobalSection(ExtensibilityGlobals) = postSolution
		SolutionGuid = {E85DFE53-6640-45B8-ACD7-27DB6223A8B5}
	EndGlobalSection
EndGlobal
